
Microsoft Visual Studio Solution File, Format Version 12.00
# Visual Studio Version 16
VisualStudioVersion = 25.0.1706.10
MinimumVisualStudioVersion = 10.0.40219.1
Project("{FAE04EC0-301F-11D3-BF4B-00C04F79EFBC}") = "ProjectKnowledgeCheck", "ProjectKnowledgeCheck.csproj", "{EC129503-8480-408F-8D31-0D8F2F062E20}"
EndProject
Global
	GlobalSection(SolutionConfigurationPlatforms) = preSolution
		Debug|Any CPU = Debug|Any CPU
		Release|Any CPU = Release|Any CPU
	EndGlobalSection
	GlobalSection(ProjectConfigurationPlatforms) = postSolution
		{EC129503-8480-408F-8D31-0D8F2F062E20}.Debug|Any CPU.ActiveCfg = Debug|Any CPU
		{EC129503-8480-408F-8D31-0D8F2F062E20}.Debug|Any CPU.Build.0 = Debug|Any CPU
		{EC129503-8480-408F-8D31-0D8F2F062E20}.Release|Any CPU.ActiveCfg = Release|Any CPU
		{EC129503-8480-408F-8D31-0D8F2F062E20}.Release|Any CPU.Build.0 = Release|Any CPU
	EndGlobalSection
	GlobalSection(SolutionProperties) = preSolution
		HideSolutionNode = FALSE
	EndGlobalSection
	GlobalSection(ExtensibilityGlobals) = postSolution
		SolutionGuid = {99647A04-26E7-43B5-AA02-1D5CC03BF21F}
	EndGlobalSection
EndGlobal
